{
  "version": 2,
  "dependencies": {
    "net7.0": {
      "SkiaSharp.NativeAssets.macOS": {
        "type": "Transitive",
        "resolved": "2.88.5",
        "contentHash": "snAA6ghUHBeXSOEa/lbjYMUPDKdNh4YRjU+dBoU85EMDEPlAwtkM9gESTM8FKY67ozqX8tqLzad1RRDNistGsg=="
      },
      "SkiaSharp.NativeAssets.Win32": {
        "type": "Transitive",
        "resolved": "2.88.5",
        "contentHash": "U0GuMsdtdbHjVmuyTPRbb+ifaTPYBIV8WvPFx81ZHwzfL2TVe8SQjum8AMXSZDDlf90rhxOC5slzaL33uoHUhA=="
      },
      "System.Threading.Tasks.Extensions": {
        "type": "Transitive",
        "resolved": "4.5.4",
        "contentHash": "zteT+G8xuGu6mS+mzDzYXbzS7rd3K6Fjb9RiZlYlJPam2/hU7JCBZBVEcywNuR+oZ1ncTvc/cq0faRr3P01OVg=="
      },
      "elffy.core": {
        "type": "Project",
        "dependencies": {
          "Elffy.Events": "[1.0.0, )",
          "Elffy.Imaging": "[1.0.0, )"
        }
      },
      "elffy.events": {
        "type": "Project",
        "dependencies": {
          "Elffy.Memory": "[1.0.0, )",
          "UniTask": "[2.2.5, )"
        }
      },
      "elffy.imaging": {
        "type": "Project",
        "dependencies": {
          "Elffy.Memory": "[1.0.0, )",
          "Elffy.Primitives": "[1.0.0, )",
          "SkiaSharp": "[2.88.5, )"
        }
      },
      "elffy.memory": {
        "type": "Project",
        "dependencies": {
          "Elffy.Primitives": "[1.0.0, )"
        }
      },
      "elffy.primitives": {
        "type": "Project",
        "dependencies": {
          "UniTask": "[2.2.5, )"
        }
      },
      "SkiaSharp": {
        "type": "CentralTransitive",
        "requested": "[2.88.5, )",
        "resolved": "2.88.5",
        "contentHash": "43t9YEvcZtT+tuMN4hHH8rV8h7ttk1DRv5Tptxamy+bPuE8Up51+ME1Y1TXYAQf75686tHO488a0YKAnmJaSNg==",
        "dependencies": {
          "SkiaSharp.NativeAssets.Win32": "2.88.5",
          "SkiaSharp.NativeAssets.macOS": "2.88.5"
        }
      },
      "UniTask": {
        "type": "CentralTransitive",
        "requested": "[2.2.5, )",
        "resolved": "2.2.5",
        "contentHash": "ZZkO05sI2UKg57/5VDQniyYK1Aas8FPTQfaqgJXed8MN53KcIW8jge0EsRcfk/3qYHdPjEaVQnI17Cq56TyF+g==",
        "dependencies": {
          "System.Threading.Tasks.Extensions": "4.5.4"
        }
      }
    }
  }
}