
Microsoft Visual Studio Solution File, Format Version 12.00
# Visual Studio Version 17
VisualStudioVersion = 17.4.33103.184
MinimumVisualStudioVersion = 10.0.40219.1
Project("{9A19103F-16F7-4668-BE54-9A1E7A4F7556}") = "Hikari.Core", "Hikari.Core\Hikari.Core.csproj", "{2A0AD572-9BC3-4D8E-AB53-09AAABFFAE88}"
EndProject
Project("{2150E333-8FDC-42A3-9474-1A3956D46DE8}") = "ソリューション項目", "ソリューション項目", "{6BEA2C75-7D0C-4177-B3B2-772A7132610E}"
	ProjectSection(SolutionItems) = preProject
		.editorconfig = .editorconfig
	EndProjectSection
EndProject
Project("{9A19103F-16F7-4668-BE54-9A1E7A4F7556}") = "EnumMapper", "EnumMapper\EnumMapper.csproj", "{54CC16C9-2E05-48B9-BC76-59C43C3F177C}"
EndProject
Project("{9A19103F-16F7-4668-BE54-9A1E7A4F7556}") = "SampleApp", "SampleApp\SampleApp.csproj", "{ACB3CAE4-4F6F-49C9-BBE3-3691805C3555}"
EndProject
Project("{9A19103F-16F7-4668-BE54-9A1E7A4F7556}") = "Hikari.InternalTools", "Hikari.InternalTools\Hikari.InternalTools.csproj", "{6C67A899-ADED-4FBA-BCE1-36E2ADB42D6F}"
EndProject
Project("{9A19103F-16F7-4668-BE54-9A1E7A4F7556}") = "Hikari.Primitives", "Hikari.Primitives\Hikari.Primitives.csproj", "{BF2C0996-AD12-4191-A535-E9BDFABB7F18}"
EndProject
Project("{9A19103F-16F7-4668-BE54-9A1E7A4F7556}") = "Hikari.Memory", "Hikari.Memory\Hikari.Memory.csproj", "{7FDFCF03-D989-4B84-8655-256C9FA62B5E}"
EndProject
Project("{9A19103F-16F7-4668-BE54-9A1E7A4F7556}") = "Hikari.Imaging", "Hikari.Imaging\Hikari.Imaging.csproj", "{D1B976DC-F971-474C-AD95-F323D1E7AE80}"
EndProject
Project("{9A19103F-16F7-4668-BE54-9A1E7A4F7556}") = "Hikari.Events", "Hikari.Events\Hikari.Events.csproj", "{DC33670A-880A-4EBB-B633-DEEC9A420CD3}"
EndProject
Project("{9A19103F-16F7-4668-BE54-9A1E7A4F7556}") = "Hikari.Gltf", "Hikari.Gltf\Hikari.Gltf.csproj", "{19558EE6-A634-4425-94DF-655F62C127C6}"
EndProject
Project("{FAE04EC0-301F-11D3-BF4B-00C04F79EFBC}") = "Hikari.Generator", "Hikari.Generator\Hikari.Generator.csproj", "{F5DBD850-94A3-4ED9-8024-40967D25DFC3}"
EndProject
Global
	GlobalSection(SolutionConfigurationPlatforms) = preSolution
		Debug|Any CPU = Debug|Any CPU
		Release|Any CPU = Release|Any CPU
	EndGlobalSection
	GlobalSection(ProjectConfigurationPlatforms) = postSolution
		{2A0AD572-9BC3-4D8E-AB53-09AAABFFAE88}.Debug|Any CPU.ActiveCfg = Debug|Any CPU
		{2A0AD572-9BC3-4D8E-AB53-09AAABFFAE88}.Debug|Any CPU.Build.0 = Debug|Any CPU
		{2A0AD572-9BC3-4D8E-AB53-09AAABFFAE88}.Release|Any CPU.ActiveCfg = Release|Any CPU
		{2A0AD572-9BC3-4D8E-AB53-09AAABFFAE88}.Release|Any CPU.Build.0 = Release|Any CPU
		{54CC16C9-2E05-48B9-BC76-59C43C3F177C}.Debug|Any CPU.ActiveCfg = Debug|Any CPU
		{54CC16C9-2E05-48B9-BC76-59C43C3F177C}.Debug|Any CPU.Build.0 = Debug|Any CPU
		{54CC16C9-2E05-48B9-BC76-59C43C3F177C}.Release|Any CPU.ActiveCfg = Release|Any CPU
		{54CC16C9-2E05-48B9-BC76-59C43C3F177C}.Release|Any CPU.Build.0 = Release|Any CPU
		{ACB3CAE4-4F6F-49C9-BBE3-3691805C3555}.Debug|Any CPU.ActiveCfg = Debug|Any CPU
		{ACB3CAE4-4F6F-49C9-BBE3-3691805C3555}.Debug|Any CPU.Build.0 = Debug|Any CPU
		{ACB3CAE4-4F6F-49C9-BBE3-3691805C3555}.Release|Any CPU.ActiveCfg = Release|Any CPU
		{ACB3CAE4-4F6F-49C9-BBE3-3691805C3555}.Release|Any CPU.Build.0 = Release|Any CPU
		{6C67A899-ADED-4FBA-BCE1-36E2ADB42D6F}.Debug|Any CPU.ActiveCfg = Debug|Any CPU
		{6C67A899-ADED-4FBA-BCE1-36E2ADB42D6F}.Debug|Any CPU.Build.0 = Debug|Any CPU
		{6C67A899-ADED-4FBA-BCE1-36E2ADB42D6F}.Release|Any CPU.ActiveCfg = Release|Any CPU
		{6C67A899-ADED-4FBA-BCE1-36E2ADB42D6F}.Release|Any CPU.Build.0 = Release|Any CPU
		{BF2C0996-AD12-4191-A535-E9BDFABB7F18}.Debug|Any CPU.ActiveCfg = Debug|Any CPU
		{BF2C0996-AD12-4191-A535-E9BDFABB7F18}.Debug|Any CPU.Build.0 = Debug|Any CPU
		{BF2C0996-AD12-4191-A535-E9BDFABB7F18}.Release|Any CPU.ActiveCfg = Release|Any CPU
		{BF2C0996-AD12-4191-A535-E9BDFABB7F18}.Release|Any CPU.Build.0 = Release|Any CPU
		{7FDFCF03-D989-4B84-8655-256C9FA62B5E}.Debug|Any CPU.ActiveCfg = Debug|Any CPU
		{7FDFCF03-D989-4B84-8655-256C9FA62B5E}.Debug|Any CPU.Build.0 = Debug|Any CPU
		{7FDFCF03-D989-4B84-8655-256C9FA62B5E}.Release|Any CPU.ActiveCfg = Release|Any CPU
		{7FDFCF03-D989-4B84-8655-256C9FA62B5E}.Release|Any CPU.Build.0 = Release|Any CPU
		{D1B976DC-F971-474C-AD95-F323D1E7AE80}.Debug|Any CPU.ActiveCfg = Debug|Any CPU
		{D1B976DC-F971-474C-AD95-F323D1E7AE80}.Debug|Any CPU.Build.0 = Debug|Any CPU
		{D1B976DC-F971-474C-AD95-F323D1E7AE80}.Release|Any CPU.ActiveCfg = Release|Any CPU
		{D1B976DC-F971-474C-AD95-F323D1E7AE80}.Release|Any CPU.Build.0 = Release|Any CPU
		{DC33670A-880A-4EBB-B633-DEEC9A420CD3}.Debug|Any CPU.ActiveCfg = Debug|Any CPU
		{DC33670A-880A-4EBB-B633-DEEC9A420CD3}.Debug|Any CPU.Build.0 = Debug|Any CPU
		{DC33670A-880A-4EBB-B633-DEEC9A420CD3}.Release|Any CPU.ActiveCfg = Release|Any CPU
		{DC33670A-880A-4EBB-B633-DEEC9A420CD3}.Release|Any CPU.Build.0 = Release|Any CPU
		{19558EE6-A634-4425-94DF-655F62C127C6}.Debug|Any CPU.ActiveCfg = Debug|Any CPU
		{19558EE6-A634-4425-94DF-655F62C127C6}.Debug|Any CPU.Build.0 = Debug|Any CPU
		{19558EE6-A634-4425-94DF-655F62C127C6}.Release|Any CPU.ActiveCfg = Release|Any CPU
		{19558EE6-A634-4425-94DF-655F62C127C6}.Release|Any CPU.Build.0 = Release|Any CPU
		{F5DBD850-94A3-4ED9-8024-40967D25DFC3}.Debug|Any CPU.ActiveCfg = Debug|Any CPU
		{F5DBD850-94A3-4ED9-8024-40967D25DFC3}.Debug|Any CPU.Build.0 = Debug|Any CPU
		{F5DBD850-94A3-4ED9-8024-40967D25DFC3}.Release|Any CPU.ActiveCfg = Release|Any CPU
		{F5DBD850-94A3-4ED9-8024-40967D25DFC3}.Release|Any CPU.Build.0 = Release|Any CPU
	EndGlobalSection
	GlobalSection(SolutionProperties) = preSolution
		HideSolutionNode = FALSE
	EndGlobalSection
	GlobalSection(ExtensibilityGlobals) = postSolution
		SolutionGuid = {4DC76D1B-B94D-4777-83FF-C147103932D5}
	EndGlobalSection
EndGlobal
