
Microsoft Visual Studio Solution File, Format Version 12.00
# Visual Studio Version 17
VisualStudioVersion = 17.4.33103.184
MinimumVisualStudioVersion = 10.0.40219.1
Project("{9A19103F-16F7-4668-BE54-9A1E7A4F7556}") = "Elffy.Core", "Elffy.Core\Elffy.Core.csproj", "{2A0AD572-9BC3-4D8E-AB53-09AAABFFAE88}"
EndProject
Project("{2150E333-8FDC-42A3-9474-1A3956D46DE8}") = "ソリューション項目", "ソリューション項目", "{6BEA2C75-7D0C-4177-B3B2-772A7132610E}"
	ProjectSection(SolutionItems) = preProject
		.editorconfig = .editorconfig
	EndProjectSection
EndProject
Project("{9A19103F-16F7-4668-BE54-9A1E7A4F7556}") = "EnumMapper", "EnumMapper\EnumMapper.csproj", "{54CC16C9-2E05-48B9-BC76-59C43C3F177C}"
EndProject
Project("{9A19103F-16F7-4668-BE54-9A1E7A4F7556}") = "SampleApp", "SampleApp\SampleApp.csproj", "{ACB3CAE4-4F6F-49C9-BBE3-3691805C3555}"
EndProject
Project("{9A19103F-16F7-4668-BE54-9A1E7A4F7556}") = "Elffy.Events", "..\..\Elffy\src\Elffy.Events\Elffy.Events.csproj", "{31B3F625-1BD1-42C7-9980-67E2C1FC9530}"
EndProject
Project("{9A19103F-16F7-4668-BE54-9A1E7A4F7556}") = "Elffy.InternalTools", "..\..\Elffy\src\Elffy.InternalTools\Elffy.InternalTools.csproj", "{94E3F7E7-6BD5-402A-9828-45108D268D25}"
EndProject
Project("{9A19103F-16F7-4668-BE54-9A1E7A4F7556}") = "Elffy.Imaging", "..\..\Elffy\src\Elffy.Imaging\Elffy.Imaging.csproj", "{AEBDB118-F047-4D30-96FE-45D33F481E7D}"
EndProject
Global
	GlobalSection(SolutionConfigurationPlatforms) = preSolution
		Debug|Any CPU = Debug|Any CPU
		Release|Any CPU = Release|Any CPU
	EndGlobalSection
	GlobalSection(ProjectConfigurationPlatforms) = postSolution
		{2A0AD572-9BC3-4D8E-AB53-09AAABFFAE88}.Debug|Any CPU.ActiveCfg = Debug|Any CPU
		{2A0AD572-9BC3-4D8E-AB53-09AAABFFAE88}.Debug|Any CPU.Build.0 = Debug|Any CPU
		{2A0AD572-9BC3-4D8E-AB53-09AAABFFAE88}.Release|Any CPU.ActiveCfg = Release|Any CPU
		{2A0AD572-9BC3-4D8E-AB53-09AAABFFAE88}.Release|Any CPU.Build.0 = Release|Any CPU
		{54CC16C9-2E05-48B9-BC76-59C43C3F177C}.Debug|Any CPU.ActiveCfg = Debug|Any CPU
		{54CC16C9-2E05-48B9-BC76-59C43C3F177C}.Debug|Any CPU.Build.0 = Debug|Any CPU
		{54CC16C9-2E05-48B9-BC76-59C43C3F177C}.Release|Any CPU.ActiveCfg = Release|Any CPU
		{54CC16C9-2E05-48B9-BC76-59C43C3F177C}.Release|Any CPU.Build.0 = Release|Any CPU
		{ACB3CAE4-4F6F-49C9-BBE3-3691805C3555}.Debug|Any CPU.ActiveCfg = Debug|Any CPU
		{ACB3CAE4-4F6F-49C9-BBE3-3691805C3555}.Debug|Any CPU.Build.0 = Debug|Any CPU
		{ACB3CAE4-4F6F-49C9-BBE3-3691805C3555}.Release|Any CPU.ActiveCfg = Release|Any CPU
		{ACB3CAE4-4F6F-49C9-BBE3-3691805C3555}.Release|Any CPU.Build.0 = Release|Any CPU
		{31B3F625-1BD1-42C7-9980-67E2C1FC9530}.Debug|Any CPU.ActiveCfg = Debug|Any CPU
		{31B3F625-1BD1-42C7-9980-67E2C1FC9530}.Debug|Any CPU.Build.0 = Debug|Any CPU
		{31B3F625-1BD1-42C7-9980-67E2C1FC9530}.Release|Any CPU.ActiveCfg = Release|Any CPU
		{31B3F625-1BD1-42C7-9980-67E2C1FC9530}.Release|Any CPU.Build.0 = Release|Any CPU
		{94E3F7E7-6BD5-402A-9828-45108D268D25}.Debug|Any CPU.ActiveCfg = Debug|Any CPU
		{94E3F7E7-6BD5-402A-9828-45108D268D25}.Debug|Any CPU.Build.0 = Debug|Any CPU
		{94E3F7E7-6BD5-402A-9828-45108D268D25}.Release|Any CPU.ActiveCfg = Release|Any CPU
		{94E3F7E7-6BD5-402A-9828-45108D268D25}.Release|Any CPU.Build.0 = Release|Any CPU
		{AEBDB118-F047-4D30-96FE-45D33F481E7D}.Debug|Any CPU.ActiveCfg = Debug|Any CPU
		{AEBDB118-F047-4D30-96FE-45D33F481E7D}.Debug|Any CPU.Build.0 = Debug|Any CPU
		{AEBDB118-F047-4D30-96FE-45D33F481E7D}.Release|Any CPU.ActiveCfg = Release|Any CPU
		{AEBDB118-F047-4D30-96FE-45D33F481E7D}.Release|Any CPU.Build.0 = Release|Any CPU
	EndGlobalSection
	GlobalSection(SolutionProperties) = preSolution
		HideSolutionNode = FALSE
	EndGlobalSection
	GlobalSection(ExtensibilityGlobals) = postSolution
		SolutionGuid = {4DC76D1B-B94D-4777-83FF-C147103932D5}
	EndGlobalSection
EndGlobal
